
Microsoft Visual Studio Solution File, Format Version 12.00
# Visual Studio Version 17
VisualStudioVersion = 17.8.34511.84
MinimumVisualStudioVersion = 10.0.40219.1
Project("{FAE04EC0-301F-11D3-BF4B-00C04F79EFBC}") = "WindowsForms_Aisgnatura_profesor_que_imparte", "WindowsForms_Aisgnatura_profesor_que_imparte.csproj", "{46BBE550-D422-4FC0-A271-CC5B3859FA74}"
EndProject
Global
	GlobalSection(SolutionConfigurationPlatforms) = preSolution
		Debug|Any CPU = Debug|Any CPU
		Release|Any CPU = Release|Any CPU
	EndGlobalSection
	GlobalSection(ProjectConfigurationPlatforms) = postSolution
		{46BBE550-D422-4FC0-A271-CC5B3859FA74}.Debug|Any CPU.ActiveCfg = Debug|Any CPU
		{46BBE550-D422-4FC0-A271-CC5B3859FA74}.Debug|Any CPU.Build.0 = Debug|Any CPU
		{46BBE550-D422-4FC0-A271-CC5B3859FA74}.Release|Any CPU.ActiveCfg = Release|Any CPU
		{46BBE550-D422-4FC0-A271-CC5B3859FA74}.Release|Any CPU.Build.0 = Release|Any CPU
	EndGlobalSection
	GlobalSection(SolutionProperties) = preSolution
		HideSolutionNode = FALSE
	EndGlobalSection
	GlobalSection(ExtensibilityGlobals) = postSolution
		SolutionGuid = {2DD7AF8A-E10D-4028-B595-5B0A43780157}
	EndGlobalSection
EndGlobal
